
Microsoft Visual Studio Solution File, Format Version 12.00
# Visual Studio 15
VisualStudioVersion = 15.0.26730.12
MinimumVisualStudioVersion = 10.0.40219.1
Project("{FAE04EC0-301F-11D3-BF4B-00C04F79EFBC}") = "Лабораторная работа 3", "Лабораторная работа 3\Лабораторная работа 3.csproj", "{1DE20965-55FC-4C61-B905-14BFE4537680}"
EndProject
Global
	GlobalSection(SolutionConfigurationPlatforms) = preSolution
		Debug|Any CPU = Debug|Any CPU
		Release|Any CPU = Release|Any CPU
	EndGlobalSection
	GlobalSection(ProjectConfigurationPlatforms) = postSolution
		{1DE20965-55FC-4C61-B905-14BFE4537680}.Debug|Any CPU.ActiveCfg = Debug|Any CPU
		{1DE20965-55FC-4C61-B905-14BFE4537680}.Debug|Any CPU.Build.0 = Debug|Any CPU
		{1DE20965-55FC-4C61-B905-14BFE4537680}.Release|Any CPU.ActiveCfg = Release|Any CPU
		{1DE20965-55FC-4C61-B905-14BFE4537680}.Release|Any CPU.Build.0 = Release|Any CPU
	EndGlobalSection
	GlobalSection(SolutionProperties) = preSolution
		HideSolutionNode = FALSE
	EndGlobalSection
	GlobalSection(ExtensibilityGlobals) = postSolution
		SolutionGuid = {141292FA-EE12-4756-B5D5-150A6631415D}
	EndGlobalSection
EndGlobal
